// !$*UTF8*$!
{
	archiveVersion = 1;
	classes = {
	};
	objectVersion = 46;
	objects = {

/* Begin PBXBuildFile section */
		01ECDF991B7C347800665D87 /* HomeViewController.m in Sources */ = {isa = PBXBuildFile; fileRef = 01ECDF931B7C347800665D87 /* HomeViewController.m */; };
		01ECDF9A1B7C347800665D87 /* HomeViewController.xib in Resources */ = {isa = PBXBuildFile; fileRef = 01ECDF941B7C347800665D87 /* HomeViewController.xib */; };
		01ECDF9B1B7C347800665D87 /* SQCollectionCell.xib in Resources */ = {isa = PBXBuildFile; fileRef = 01ECDF981B7C347800665D87 /* SQCollectionCell.xib */; };
		01ECDF9D1B7C367600665D87 /* Images.xcassets in Resources */ = {isa = PBXBuildFile; fileRef = 01ECDF9C1B7C367600665D87 /* Images.xcassets */; };
		01ECDFA81B7C3F9400665D87 /* HMCommonViewController.m in Sources */ = {isa = PBXBuildFile; fileRef = 01ECDFA71B7C3F9400665D87 /* HMCommonViewController.m */; };
		01ECDFBA1B7C402100665D87 /* HMCommonArrowItem.m in Sources */ = {isa = PBXBuildFile; fileRef = 01ECDFAB1B7C402100665D87 /* HMCommonArrowItem.m */; };
		01ECDFBB1B7C402100665D87 /* HMCommonButtonItem.m in Sources */ = {isa = PBXBuildFile; fileRef = 01ECDFAD1B7C402100665D87 /* HMCommonButtonItem.m */; };
		01ECDFBC1B7C402100665D87 /* HMCommonCenterItem.m in Sources */ = {isa = PBXBuildFile; fileRef = 01ECDFAF1B7C402100665D87 /* HMCommonCenterItem.m */; };
		01ECDFBD1B7C402100665D87 /* HMCommonGroup.m in Sources */ = {isa = PBXBuildFile; fileRef = 01ECDFB11B7C402100665D87 /* HMCommonGroup.m */; };
		01ECDFBE1B7C402100665D87 /* HMCommonItem.m in Sources */ = {isa = PBXBuildFile; fileRef = 01ECDFB31B7C402100665D87 /* HMCommonItem.m */; };
		01ECDFBF1B7C402100665D87 /* HMCommonLabelItem.m in Sources */ = {isa = PBXBuildFile; fileRef = 01ECDFB51B7C402100665D87 /* HMCommonLabelItem.m */; };
		01ECDFC01B7C402100665D87 /* HMCommonSwitchItem.m in Sources */ = {isa = PBXBuildFile; fileRef = 01ECDFB71B7C402100665D87 /* HMCommonSwitchItem.m */; };
		01ECDFC11B7C402100665D87 /* HMCommonTextfieldItem.m in Sources */ = {isa = PBXBuildFile; fileRef = 01ECDFB91B7C402100665D87 /* HMCommonTextfieldItem.m */; };
		01ECDFC61B7C402C00665D87 /* HMBadgeView.m in Sources */ = {isa = PBXBuildFile; fileRef = 01ECDFC31B7C402C00665D87 /* HMBadgeView.m */; };
		01ECDFC71B7C402C00665D87 /* HMCommonCell.m in Sources */ = {isa = PBXBuildFile; fileRef = 01ECDFC51B7C402C00665D87 /* HMCommonCell.m */; };
		01ECDFCD1B7C45B200665D87 /* ProfileViewController.m in Sources */ = {isa = PBXBuildFile; fileRef = 01ECDFCC1B7C45B200665D87 /* ProfileViewController.m */; };
		01ECDFDC1B7C774700665D87 /* HealthMonitorViewController.m in Sources */ = {isa = PBXBuildFile; fileRef = 01ECDFD31B7C774700665D87 /* HealthMonitorViewController.m */; };
		01ECDFDD1B7C774700665D87 /* HealthMonitorViewController.xib in Resources */ = {isa = PBXBuildFile; fileRef = 01ECDFD41B7C774700665D87 /* HealthMonitorViewController.xib */; };
		01ECDFDE1B7C774700665D87 /* QCSlideSwitchView.m in Sources */ = {isa = PBXBuildFile; fileRef = 01ECDFD91B7C774700665D87 /* QCSlideSwitchView.m */; };
		01ECDFE21B7C7ADA00665D87 /* HealthPageViewController.m in Sources */ = {isa = PBXBuildFile; fileRef = 01ECDFE11B7C7ADA00665D87 /* HealthPageViewController.m */; };
		01EFD0C31B7D865800A720E7 /* MTControllerChooseTool.m in Sources */ = {isa = PBXBuildFile; fileRef = 01EFD0C21B7D865800A720E7 /* MTControllerChooseTool.m */; };
		01F227DB1B7B3E1400ED4AFB /* main.m in Sources */ = {isa = PBXBuildFile; fileRef = 01F227DA1B7B3E1400ED4AFB /* main.m */; };
		01F227E91B7B3E1400ED4AFB /* LaunchScreen.xib in Resources */ = {isa = PBXBuildFile; fileRef = 01F227E71B7B3E1400ED4AFB /* LaunchScreen.xib */; };
		01F227F51B7B3E1400ED4AFB /* QinQingBaoTests.m in Sources */ = {isa = PBXBuildFile; fileRef = 01F227F41B7B3E1400ED4AFB /* QinQingBaoTests.m */; };
		01F228071B7B3E9700ED4AFB /* AppDelegate.m in Sources */ = {isa = PBXBuildFile; fileRef = 01F228011B7B3E9700ED4AFB /* AppDelegate.m */; };
		01F228311B7B45DD00ED4AFB /* MTNewfeatureViewController.m in Sources */ = {isa = PBXBuildFile; fileRef = 01F228301B7B45DD00ED4AFB /* MTNewfeatureViewController.m */; };
		01F2283A1B7B465800ED4AFB /* UIBarButtonItem+Extension.m in Sources */ = {isa = PBXBuildFile; fileRef = 01F228331B7B465800ED4AFB /* UIBarButtonItem+Extension.m */; };
		01F2283B1B7B465800ED4AFB /* UIImage+Extension.m in Sources */ = {isa = PBXBuildFile; fileRef = 01F228351B7B465800ED4AFB /* UIImage+Extension.m */; };
		01F2283C1B7B465800ED4AFB /* UINavigationBar+Awesome.m in Sources */ = {isa = PBXBuildFile; fileRef = 01F228371B7B465800ED4AFB /* UINavigationBar+Awesome.m */; };
		01F2283D1B7B465800ED4AFB /* UIView+Extension.m in Sources */ = {isa = PBXBuildFile; fileRef = 01F228391B7B465800ED4AFB /* UIView+Extension.m */; };
		D2F744AB1B7D7E7F006AC23D /* LoginViewController.m in Sources */ = {isa = PBXBuildFile; fileRef = D2F744A31B7D7E7F006AC23D /* LoginViewController.m */; };
		D2F744AC1B7D7E7F006AC23D /* LoginViewController.xib in Resources */ = {isa = PBXBuildFile; fileRef = D2F744A41B7D7E7F006AC23D /* LoginViewController.xib */; };
		D2F744AD1B7D7E7F006AC23D /* RegistViewController.m in Sources */ = {isa = PBXBuildFile; fileRef = D2F744A61B7D7E7F006AC23D /* RegistViewController.m */; };
		D2F744AE1B7D7E7F006AC23D /* RegistViewController.xib in Resources */ = {isa = PBXBuildFile; fileRef = D2F744A71B7D7E7F006AC23D /* RegistViewController.xib */; };
		D2F744AF1B7D7E7F006AC23D /* RootViewController.m in Sources */ = {isa = PBXBuildFile; fileRef = D2F744A91B7D7E7F006AC23D /* RootViewController.m */; };
		D2F744B01B7D7E7F006AC23D /* RootViewController.xib in Resources */ = {isa = PBXBuildFile; fileRef = D2F744AA1B7D7E7F006AC23D /* RootViewController.xib */; };
/* End PBXBuildFile section */

/* Begin PBXContainerItemProxy section */
		01F227EF1B7B3E1400ED4AFB /* PBXContainerItemProxy */ = {
			isa = PBXContainerItemProxy;
			containerPortal = 01F227CD1B7B3E1400ED4AFB /* Project object */;
			proxyType = 1;
			remoteGlobalIDString = 01F227D41B7B3E1400ED4AFB;
			remoteInfo = QinQingBao;
		};
/* End PBXContainerItemProxy section */

/* Begin PBXFileReference section */
		01ECDF921B7C347800665D87 /* HomeViewController.h */ = {isa = PBXFileReference; fileEncoding = 4; lastKnownFileType = sourcecode.c.h; path = HomeViewController.h; sourceTree = "<group>"; };
		01ECDF931B7C347800665D87 /* HomeViewController.m */ = {isa = PBXFileReference; fileEncoding = 4; lastKnownFileType = sourcecode.c.objc; path = HomeViewController.m; sourceTree = "<group>"; };
		01ECDF941B7C347800665D87 /* HomeViewController.xib */ = {isa = PBXFileReference; fileEncoding = 4; lastKnownFileType = file.xib; path = HomeViewController.xib; sourceTree = "<group>"; };
		01ECDF981B7C347800665D87 /* SQCollectionCell.xib */ = {isa = PBXFileReference; fileEncoding = 4; lastKnownFileType = file.xib; path = SQCollectionCell.xib; sourceTree = "<group>"; };
		01ECDF9C1B7C367600665D87 /* Images.xcassets */ = {isa = PBXFileReference; lastKnownFileType = folder.assetcatalog; path = Images.xcassets; sourceTree = "<group>"; };
		01ECDFA61B7C3F9400665D87 /* HMCommonViewController.h */ = {isa = PBXFileReference; fileEncoding = 4; lastKnownFileType = sourcecode.c.h; path = HMCommonViewController.h; sourceTree = "<group>"; };
		01ECDFA71B7C3F9400665D87 /* HMCommonViewController.m */ = {isa = PBXFileReference; fileEncoding = 4; lastKnownFileType = sourcecode.c.objc; path = HMCommonViewController.m; sourceTree = "<group>"; };
		01ECDFAA1B7C402100665D87 /* HMCommonArrowItem.h */ = {isa = PBXFileReference; fileEncoding = 4; lastKnownFileType = sourcecode.c.h; path = HMCommonArrowItem.h; sourceTree = "<group>"; };
		01ECDFAB1B7C402100665D87 /* HMCommonArrowItem.m */ = {isa = PBXFileReference; fileEncoding = 4; lastKnownFileType = sourcecode.c.objc; path = HMCommonArrowItem.m; sourceTree = "<group>"; };
		01ECDFAC1B7C402100665D87 /* HMCommonButtonItem.h */ = {isa = PBXFileReference; fileEncoding = 4; lastKnownFileType = sourcecode.c.h; path = HMCommonButtonItem.h; sourceTree = "<group>"; };
		01ECDFAD1B7C402100665D87 /* HMCommonButtonItem.m */ = {isa = PBXFileReference; fileEncoding = 4; lastKnownFileType = sourcecode.c.objc; path = HMCommonButtonItem.m; sourceTree = "<group>"; };
		01ECDFAE1B7C402100665D87 /* HMCommonCenterItem.h */ = {isa = PBXFileReference; fileEncoding = 4; lastKnownFileType = sourcecode.c.h; path = HMCommonCenterItem.h; sourceTree = "<group>"; };
		01ECDFAF1B7C402100665D87 /* HMCommonCenterItem.m */ = {isa = PBXFileReference; fileEncoding = 4; lastKnownFileType = sourcecode.c.objc; path = HMCommonCenterItem.m; sourceTree = "<group>"; };
		01ECDFB01B7C402100665D87 /* HMCommonGroup.h */ = {isa = PBXFileReference; fileEncoding = 4; lastKnownFileType = sourcecode.c.h; path = HMCommonGroup.h; sourceTree = "<group>"; };
		01ECDFB11B7C402100665D87 /* HMCommonGroup.m */ = {isa = PBXFileReference; fileEncoding = 4; lastKnownFileType = sourcecode.c.objc; path = HMCommonGroup.m; sourceTree = "<group>"; };
		01ECDFB21B7C402100665D87 /* HMCommonItem.h */ = {isa = PBXFileReference; fileEncoding = 4; lastKnownFileType = sourcecode.c.h; path = HMCommonItem.h; sourceTree = "<group>"; };
		01ECDFB31B7C402100665D87 /* HMCommonItem.m */ = {isa = PBXFileReference; fileEncoding = 4; lastKnownFileType = sourcecode.c.objc; path = HMCommonItem.m; sourceTree = "<group>"; };
		01ECDFB41B7C402100665D87 /* HMCommonLabelItem.h */ = {isa = PBXFileReference; fileEncoding = 4; lastKnownFileType = sourcecode.c.h; path = HMCommonLabelItem.h; sourceTree = "<group>"; };
		01ECDFB51B7C402100665D87 /* HMCommonLabelItem.m */ = {isa = PBXFileReference; fileEncoding = 4; lastKnownFileType = sourcecode.c.objc; path = HMCommonLabelItem.m; sourceTree = "<group>"; };
		01ECDFB61B7C402100665D87 /* HMCommonSwitchItem.h */ = {isa = PBXFileReference; fileEncoding = 4; lastKnownFileType = sourcecode.c.h; path = HMCommonSwitchItem.h; sourceTree = "<group>"; };
		01ECDFB71B7C402100665D87 /* HMCommonSwitchItem.m */ = {isa = PBXFileReference; fileEncoding = 4; lastKnownFileType = sourcecode.c.objc; path = HMCommonSwitchItem.m; sourceTree = "<group>"; };
		01ECDFB81B7C402100665D87 /* HMCommonTextfieldItem.h */ = {isa = PBXFileReference; fileEncoding = 4; lastKnownFileType = sourcecode.c.h; path = HMCommonTextfieldItem.h; sourceTree = "<group>"; };
		01ECDFB91B7C402100665D87 /* HMCommonTextfieldItem.m */ = {isa = PBXFileReference; fileEncoding = 4; lastKnownFileType = sourcecode.c.objc; path = HMCommonTextfieldItem.m; sourceTree = "<group>"; };
		01ECDFC21B7C402C00665D87 /* HMBadgeView.h */ = {isa = PBXFileReference; fileEncoding = 4; lastKnownFileType = sourcecode.c.h; path = HMBadgeView.h; sourceTree = "<group>"; };
		01ECDFC31B7C402C00665D87 /* HMBadgeView.m */ = {isa = PBXFileReference; fileEncoding = 4; lastKnownFileType = sourcecode.c.objc; path = HMBadgeView.m; sourceTree = "<group>"; };
		01ECDFC41B7C402C00665D87 /* HMCommonCell.h */ = {isa = PBXFileReference; fileEncoding = 4; lastKnownFileType = sourcecode.c.h; path = HMCommonCell.h; sourceTree = "<group>"; };
		01ECDFC51B7C402C00665D87 /* HMCommonCell.m */ = {isa = PBXFileReference; fileEncoding = 4; lastKnownFileType = sourcecode.c.objc; path = HMCommonCell.m; sourceTree = "<group>"; };
		01ECDFCB1B7C45B200665D87 /* ProfileViewController.h */ = {isa = PBXFileReference; fileEncoding = 4; lastKnownFileType = sourcecode.c.h; path = ProfileViewController.h; sourceTree = "<group>"; };
		01ECDFCC1B7C45B200665D87 /* ProfileViewController.m */ = {isa = PBXFileReference; fileEncoding = 4; lastKnownFileType = sourcecode.c.objc; path = ProfileViewController.m; sourceTree = "<group>"; };
		01ECDFD21B7C774700665D87 /* HealthMonitorViewController.h */ = {isa = PBXFileReference; fileEncoding = 4; lastKnownFileType = sourcecode.c.h; path = HealthMonitorViewController.h; sourceTree = "<group>"; };
		01ECDFD31B7C774700665D87 /* HealthMonitorViewController.m */ = {isa = PBXFileReference; fileEncoding = 4; lastKnownFileType = sourcecode.c.objc; path = HealthMonitorViewController.m; sourceTree = "<group>"; };
		01ECDFD41B7C774700665D87 /* HealthMonitorViewController.xib */ = {isa = PBXFileReference; fileEncoding = 4; lastKnownFileType = file.xib; path = HealthMonitorViewController.xib; sourceTree = "<group>"; };
		01ECDFD81B7C774700665D87 /* QCSlideSwitchView.h */ = {isa = PBXFileReference; fileEncoding = 4; lastKnownFileType = sourcecode.c.h; path = QCSlideSwitchView.h; sourceTree = "<group>"; };
		01ECDFD91B7C774700665D87 /* QCSlideSwitchView.m */ = {isa = PBXFileReference; fileEncoding = 4; lastKnownFileType = sourcecode.c.objc; path = QCSlideSwitchView.m; sourceTree = "<group>"; };
		01ECDFE01B7C7ADA00665D87 /* HealthPageViewController.h */ = {isa = PBXFileReference; fileEncoding = 4; lastKnownFileType = sourcecode.c.h; path = HealthPageViewController.h; sourceTree = "<group>"; };
		01ECDFE11B7C7ADA00665D87 /* HealthPageViewController.m */ = {isa = PBXFileReference; fileEncoding = 4; lastKnownFileType = sourcecode.c.objc; path = HealthPageViewController.m; sourceTree = "<group>"; };
		01EFD0C11B7D865800A720E7 /* MTControllerChooseTool.h */ = {isa = PBXFileReference; fileEncoding = 4; lastKnownFileType = sourcecode.c.h; path = MTControllerChooseTool.h; sourceTree = "<group>"; };
		01EFD0C21B7D865800A720E7 /* MTControllerChooseTool.m */ = {isa = PBXFileReference; fileEncoding = 4; lastKnownFileType = sourcecode.c.objc; path = MTControllerChooseTool.m; sourceTree = "<group>"; };
		01F227D51B7B3E1400ED4AFB /* QinQingBao.app */ = {isa = PBXFileReference; explicitFileType = wrapper.application; includeInIndex = 0; path = QinQingBao.app; sourceTree = BUILT_PRODUCTS_DIR; };
		01F227D91B7B3E1400ED4AFB /* Info.plist */ = {isa = PBXFileReference; lastKnownFileType = text.plist.xml; path = Info.plist; sourceTree = "<group>"; };
		01F227DA1B7B3E1400ED4AFB /* main.m */ = {isa = PBXFileReference; lastKnownFileType = sourcecode.c.objc; path = main.m; sourceTree = "<group>"; };
		01F227E81B7B3E1400ED4AFB /* Base */ = {isa = PBXFileReference; lastKnownFileType = file.xib; name = Base; path = Base.lproj/LaunchScreen.xib; sourceTree = "<group>"; };
		01F227EE1B7B3E1400ED4AFB /* QinQingBaoTests.xctest */ = {isa = PBXFileReference; explicitFileType = wrapper.cfbundle; includeInIndex = 0; path = QinQingBaoTests.xctest; sourceTree = BUILT_PRODUCTS_DIR; };
		01F227F31B7B3E1400ED4AFB /* Info.plist */ = {isa = PBXFileReference; lastKnownFileType = text.plist.xml; path = Info.plist; sourceTree = "<group>"; };
		01F227F41B7B3E1400ED4AFB /* QinQingBaoTests.m */ = {isa = PBXFileReference; lastKnownFileType = sourcecode.c.objc; path = QinQingBaoTests.m; sourceTree = "<group>"; };
		01F227FE1B7B3E3700ED4AFB /* QQB.pch */ = {isa = PBXFileReference; lastKnownFileType = sourcecode.c.h; path = QQB.pch; sourceTree = "<group>"; };
		01F228001B7B3E9700ED4AFB /* AppDelegate.h */ = {isa = PBXFileReference; fileEncoding = 4; lastKnownFileType = sourcecode.c.h; name = AppDelegate.h; path = QinQingBao/Classes/AppDelegate.h; sourceTree = "<group>"; };
		01F228011B7B3E9700ED4AFB /* AppDelegate.m */ = {isa = PBXFileReference; fileEncoding = 4; lastKnownFileType = sourcecode.c.objc; name = AppDelegate.m; path = QinQingBao/Classes/AppDelegate.m; sourceTree = "<group>"; };
		01F2282F1B7B45DD00ED4AFB /* MTNewfeatureViewController.h */ = {isa = PBXFileReference; fileEncoding = 4; lastKnownFileType = sourcecode.c.h; path = MTNewfeatureViewController.h; sourceTree = "<group>"; };
		01F228301B7B45DD00ED4AFB /* MTNewfeatureViewController.m */ = {isa = PBXFileReference; fileEncoding = 4; lastKnownFileType = sourcecode.c.objc; path = MTNewfeatureViewController.m; sourceTree = "<group>"; };
		01F228321B7B465800ED4AFB /* UIBarButtonItem+Extension.h */ = {isa = PBXFileReference; fileEncoding = 4; lastKnownFileType = sourcecode.c.h; path = "UIBarButtonItem+Extension.h"; sourceTree = "<group>"; };
		01F228331B7B465800ED4AFB /* UIBarButtonItem+Extension.m */ = {isa = PBXFileReference; fileEncoding = 4; lastKnownFileType = sourcecode.c.objc; path = "UIBarButtonItem+Extension.m"; sourceTree = "<group>"; };
		01F228341B7B465800ED4AFB /* UIImage+Extension.h */ = {isa = PBXFileReference; fileEncoding = 4; lastKnownFileType = sourcecode.c.h; path = "UIImage+Extension.h"; sourceTree = "<group>"; };
		01F228351B7B465800ED4AFB /* UIImage+Extension.m */ = {isa = PBXFileReference; fileEncoding = 4; lastKnownFileType = sourcecode.c.objc; path = "UIImage+Extension.m"; sourceTree = "<group>"; };
		01F228361B7B465800ED4AFB /* UINavigationBar+Awesome.h */ = {isa = PBXFileReference; fileEncoding = 4; lastKnownFileType = sourcecode.c.h; path = "UINavigationBar+Awesome.h"; sourceTree = "<group>"; };
		01F228371B7B465800ED4AFB /* UINavigationBar+Awesome.m */ = {isa = PBXFileReference; fileEncoding = 4; lastKnownFileType = sourcecode.c.objc; path = "UINavigationBar+Awesome.m"; sourceTree = "<group>"; };
		01F228381B7B465800ED4AFB /* UIView+Extension.h */ = {isa = PBXFileReference; fileEncoding = 4; lastKnownFileType = sourcecode.c.h; path = "UIView+Extension.h"; sourceTree = "<group>"; };
		01F228391B7B465800ED4AFB /* UIView+Extension.m */ = {isa = PBXFileReference; fileEncoding = 4; lastKnownFileType = sourcecode.c.objc; path = "UIView+Extension.m"; sourceTree = "<group>"; };
		D2F744A21B7D7E7F006AC23D /* LoginViewController.h */ = {isa = PBXFileReference; fileEncoding = 4; lastKnownFileType = sourcecode.c.h; path = LoginViewController.h; sourceTree = "<group>"; };
		D2F744A31B7D7E7F006AC23D /* LoginViewController.m */ = {isa = PBXFileReference; fileEncoding = 4; lastKnownFileType = sourcecode.c.objc; path = LoginViewController.m; sourceTree = "<group>"; };
		D2F744A41B7D7E7F006AC23D /* LoginViewController.xib */ = {isa = PBXFileReference; fileEncoding = 4; lastKnownFileType = file.xib; path = LoginViewController.xib; sourceTree = "<group>"; };
		D2F744A51B7D7E7F006AC23D /* RegistViewController.h */ = {isa = PBXFileReference; fileEncoding = 4; lastKnownFileType = sourcecode.c.h; path = RegistViewController.h; sourceTree = "<group>"; };
		D2F744A61B7D7E7F006AC23D /* RegistViewController.m */ = {isa = PBXFileReference; fileEncoding = 4; lastKnownFileType = sourcecode.c.objc; path = RegistViewController.m; sourceTree = "<group>"; };
		D2F744A71B7D7E7F006AC23D /* RegistViewController.xib */ = {isa = PBXFileReference; fileEncoding = 4; lastKnownFileType = file.xib; path = RegistViewController.xib; sourceTree = "<group>"; };
		D2F744A81B7D7E7F006AC23D /* RootViewController.h */ = {isa = PBXFileReference; fileEncoding = 4; lastKnownFileType = sourcecode.c.h; path = RootViewController.h; sourceTree = "<group>"; };
		D2F744A91B7D7E7F006AC23D /* RootViewController.m */ = {isa = PBXFileReference; fileEncoding = 4; lastKnownFileType = sourcecode.c.objc; path = RootViewController.m; sourceTree = "<group>"; };
		D2F744AA1B7D7E7F006AC23D /* RootViewController.xib */ = {isa = PBXFileReference; fileEncoding = 4; lastKnownFileType = file.xib; path = RootViewController.xib; sourceTree = "<group>"; };
/* End PBXFileReference section */

/* Begin PBXFrameworksBuildPhase section */
		01F227D21B7B3E1400ED4AFB /* Frameworks */ = {
			isa = PBXFrameworksBuildPhase;
			buildActionMask = 2147483647;
			files = (
			);
			runOnlyForDeploymentPostprocessing = 0;
		};
		01F227EB1B7B3E1400ED4AFB /* Frameworks */ = {
			isa = PBXFrameworksBuildPhase;
			buildActionMask = 2147483647;
			files = (
			);
			runOnlyForDeploymentPostprocessing = 0;
		};
/* End PBXFrameworksBuildPhase section */

/* Begin PBXGroup section */
		01ECDF911B7C347800665D87 /* Controller */ = {
			isa = PBXGroup;
			children = (
				01ECDF921B7C347800665D87 /* HomeViewController.h */,
				01ECDF931B7C347800665D87 /* HomeViewController.m */,
				01ECDF941B7C347800665D87 /* HomeViewController.xib */,
			);
			path = Controller;
			sourceTree = "<group>";
		};
		01ECDF951B7C347800665D87 /* Model */ = {
			isa = PBXGroup;
			children = (
			);
			path = Model;
			sourceTree = "<group>";
		};
		01ECDF961B7C347800665D87 /* View */ = {
			isa = PBXGroup;
			children = (
				01ECDF971B7C347800665D87 /* Cell */,
			);
			path = View;
			sourceTree = "<group>";
		};
		01ECDF971B7C347800665D87 /* Cell */ = {
			isa = PBXGroup;
			children = (
				01ECDF981B7C347800665D87 /* SQCollectionCell.xib */,
			);
			path = Cell;
			sourceTree = "<group>";
		};
		01ECDF9E1B7C3EBF00665D87 /* Controller */ = {
			isa = PBXGroup;
			children = (
				01ECDFCB1B7C45B200665D87 /* ProfileViewController.h */,
				01ECDFCC1B7C45B200665D87 /* ProfileViewController.m */,
				01ECDFA61B7C3F9400665D87 /* HMCommonViewController.h */,
				01ECDFA71B7C3F9400665D87 /* HMCommonViewController.m */,
			);
			path = Controller;
			sourceTree = "<group>";
		};
		01ECDFA21B7C3EBF00665D87 /* Model */ = {
			isa = PBXGroup;
			children = (
				01ECDFA91B7C402100665D87 /* Common */,
			);
			path = Model;
			sourceTree = "<group>";
		};
		01ECDFA31B7C3EBF00665D87 /* View */ = {
			isa = PBXGroup;
			children = (
				01ECDFC21B7C402C00665D87 /* HMBadgeView.h */,
				01ECDFC31B7C402C00665D87 /* HMBadgeView.m */,
				01ECDFC41B7C402C00665D87 /* HMCommonCell.h */,
				01ECDFC51B7C402C00665D87 /* HMCommonCell.m */,
			);
			path = View;
			sourceTree = "<group>";
		};
		01ECDFA91B7C402100665D87 /* Common */ = {
			isa = PBXGroup;
			children = (
				01ECDFAA1B7C402100665D87 /* HMCommonArrowItem.h */,
				01ECDFAB1B7C402100665D87 /* HMCommonArrowItem.m */,
				01ECDFAC1B7C402100665D87 /* HMCommonButtonItem.h */,
				01ECDFAD1B7C402100665D87 /* HMCommonButtonItem.m */,
				01ECDFAE1B7C402100665D87 /* HMCommonCenterItem.h */,
				01ECDFAF1B7C402100665D87 /* HMCommonCenterItem.m */,
				01ECDFB01B7C402100665D87 /* HMCommonGroup.h */,
				01ECDFB11B7C402100665D87 /* HMCommonGroup.m */,
				01ECDFB21B7C402100665D87 /* HMCommonItem.h */,
				01ECDFB31B7C402100665D87 /* HMCommonItem.m */,
				01ECDFB41B7C402100665D87 /* HMCommonLabelItem.h */,
				01ECDFB51B7C402100665D87 /* HMCommonLabelItem.m */,
				01ECDFB61B7C402100665D87 /* HMCommonSwitchItem.h */,
				01ECDFB71B7C402100665D87 /* HMCommonSwitchItem.m */,
				01ECDFB81B7C402100665D87 /* HMCommonTextfieldItem.h */,
				01ECDFB91B7C402100665D87 /* HMCommonTextfieldItem.m */,
			);
			path = Common;
			sourceTree = "<group>";
		};
		01ECDFD11B7C774700665D87 /* Controller */ = {
			isa = PBXGroup;
			children = (
				01ECDFD21B7C774700665D87 /* HealthMonitorViewController.h */,
				01ECDFD31B7C774700665D87 /* HealthMonitorViewController.m */,
				01ECDFD41B7C774700665D87 /* HealthMonitorViewController.xib */,
				01ECDFE01B7C7ADA00665D87 /* HealthPageViewController.h */,
				01ECDFE11B7C7ADA00665D87 /* HealthPageViewController.m */,
			);
			path = Controller;
			sourceTree = "<group>";
		};
		01ECDFD51B7C774700665D87 /* Model */ = {
			isa = PBXGroup;
			children = (
			);
			path = Model;
			sourceTree = "<group>";
		};
		01ECDFD61B7C774700665D87 /* View */ = {
			isa = PBXGroup;
			children = (
				01ECDFD71B7C774700665D87 /* SlideViewController */,
			);
			path = View;
			sourceTree = "<group>";
		};
		01ECDFD71B7C774700665D87 /* SlideViewController */ = {
			isa = PBXGroup;
			children = (
				01ECDFD81B7C774700665D87 /* QCSlideSwitchView.h */,
				01ECDFD91B7C774700665D87 /* QCSlideSwitchView.m */,
			);
			path = SlideViewController;
			sourceTree = "<group>";
		};
		01EFD0BB1B7D832D00A720E7 /* Service */ = {
			isa = PBXGroup;
			children = (
			);
			path = Service;
			sourceTree = "<group>";
		};
		01EFD0BC1B7D84A700A720E7 /* Libs */ = {
			isa = PBXGroup;
			children = (
			);
			path = Libs;
			sourceTree = "<group>";
		};
		01EFD0BD1B7D84A700A720E7 /* Others */ = {
			isa = PBXGroup;
			children = (
				01EFD0C11B7D865800A720E7 /* MTControllerChooseTool.h */,
				01EFD0C21B7D865800A720E7 /* MTControllerChooseTool.m */,
			);
			path = Others;
			sourceTree = "<group>";
		};
		01F227CC1B7B3E1400ED4AFB = {
			isa = PBXGroup;
			children = (
				01F227D71B7B3E1400ED4AFB /* QinQingBao */,
				01F228001B7B3E9700ED4AFB /* AppDelegate.h */,
				01F228011B7B3E9700ED4AFB /* AppDelegate.m */,
				01F227F11B7B3E1400ED4AFB /* QinQingBaoTests */,
				01F227D61B7B3E1400ED4AFB /* Products */,
			);
			sourceTree = "<group>";
		};
		01F227D61B7B3E1400ED4AFB /* Products */ = {
			isa = PBXGroup;
			children = (
				01F227D51B7B3E1400ED4AFB /* QinQingBao.app */,
				01F227EE1B7B3E1400ED4AFB /* QinQingBaoTests.xctest */,
			);
			name = Products;
			sourceTree = "<group>";
		};
		01F227D71B7B3E1400ED4AFB /* QinQingBao */ = {
			isa = PBXGroup;
			children = (
				01F227FF1B7B3E9700ED4AFB /* Classes */,
				01F228051B7B3E9700ED4AFB /* Frameworks */,
				01F228061B7B3E9700ED4AFB /* Images */,
				01F227D81B7B3E1400ED4AFB /* Supporting Files */,
			);
			path = QinQingBao;
			sourceTree = "<group>";
		};
		01F227D81B7B3E1400ED4AFB /* Supporting Files */ = {
			isa = PBXGroup;
			children = (
				01ECDF9C1B7C367600665D87 /* Images.xcassets */,
				01F227E71B7B3E1400ED4AFB /* LaunchScreen.xib */,
				01F227D91B7B3E1400ED4AFB /* Info.plist */,
				01F227DA1B7B3E1400ED4AFB /* main.m */,
				01F227FE1B7B3E3700ED4AFB /* QQB.pch */,
			);
			name = "Supporting Files";
			sourceTree = "<group>";
		};
		01F227F11B7B3E1400ED4AFB /* QinQingBaoTests */ = {
			isa = PBXGroup;
			children = (
				01F227F41B7B3E1400ED4AFB /* QinQingBaoTests.m */,
				01F227F21B7B3E1400ED4AFB /* Supporting Files */,
			);
			path = QinQingBaoTests;
			sourceTree = "<group>";
		};
		01F227F21B7B3E1400ED4AFB /* Supporting Files */ = {
			isa = PBXGroup;
			children = (
				01F227F31B7B3E1400ED4AFB /* Info.plist */,
			);
			name = "Supporting Files";
			sourceTree = "<group>";
		};
		01F227FF1B7B3E9700ED4AFB /* Classes */ = {
			isa = PBXGroup;
			children = (
				01EFD0BC1B7D84A700A720E7 /* Libs */,
				01EFD0BD1B7D84A700A720E7 /* Others */,
				01F2280B1B7B410200ED4AFB /* Main */,
				01F228021B7B3E9700ED4AFB /* Cateogrys */,
			);
			path = Classes;
			sourceTree = "<group>";
		};
		01F228021B7B3E9700ED4AFB /* Cateogrys */ = {
			isa = PBXGroup;
			children = (
				01F228321B7B465800ED4AFB /* UIBarButtonItem+Extension.h */,
				01F228331B7B465800ED4AFB /* UIBarButtonItem+Extension.m */,
				01F228341B7B465800ED4AFB /* UIImage+Extension.h */,
				01F228351B7B465800ED4AFB /* UIImage+Extension.m */,
				01F228361B7B465800ED4AFB /* UINavigationBar+Awesome.h */,
				01F228371B7B465800ED4AFB /* UINavigationBar+Awesome.m */,
				01F228381B7B465800ED4AFB /* UIView+Extension.h */,
				01F228391B7B465800ED4AFB /* UIView+Extension.m */,
			);
			path = Cateogrys;
			sourceTree = "<group>";
		};
		01F228051B7B3E9700ED4AFB /* Frameworks */ = {
			isa = PBXGroup;
			children = (
			);
			path = Frameworks;
			sourceTree = "<group>";
		};
		01F228061B7B3E9700ED4AFB /* Images */ = {
			isa = PBXGroup;
			children = (
			);
			path = Images;
			sourceTree = "<group>";
		};
		01F2280B1B7B410200ED4AFB /* Main */ = {
			isa = PBXGroup;
			children = (
				01EFD0BB1B7D832D00A720E7 /* Service */,
				01F228291B7B454E00ED4AFB /* HealthMonitor */,
				01F228101B7B428300ED4AFB /* Home */,
				01F228111B7B428300ED4AFB /* Login */,
				01F228151B7B428300ED4AFB /* Newfeature */,
				01F228161B7B428300ED4AFB /* PersonCenter */,
			);
			path = Main;
			sourceTree = "<group>";
		};
		01F228101B7B428300ED4AFB /* Home */ = {
			isa = PBXGroup;
			children = (
				01ECDF911B7C347800665D87 /* Controller */,
				01ECDF951B7C347800665D87 /* Model */,
				01ECDF961B7C347800665D87 /* View */,
			);
			path = Home;
			sourceTree = "<group>";
		};
		01F228111B7B428300ED4AFB /* Login */ = {
			isa = PBXGroup;
			children = (
				01F228121B7B428300ED4AFB /* Controller */,
				01F228131B7B428300ED4AFB /* Model */,
				01F228141B7B428300ED4AFB /* View */,
			);
			path = Login;
			sourceTree = "<group>";
		};
		01F228121B7B428300ED4AFB /* Controller */ = {
			isa = PBXGroup;
			children = (
				D2F744A21B7D7E7F006AC23D /* LoginViewController.h */,
				D2F744A31B7D7E7F006AC23D /* LoginViewController.m */,
				D2F744A41B7D7E7F006AC23D /* LoginViewController.xib */,
				D2F744A51B7D7E7F006AC23D /* RegistViewController.h */,
				D2F744A61B7D7E7F006AC23D /* RegistViewController.m */,
				D2F744A71B7D7E7F006AC23D /* RegistViewController.xib */,
				D2F744A81B7D7E7F006AC23D /* RootViewController.h */,
				D2F744A91B7D7E7F006AC23D /* RootViewController.m */,
				D2F744AA1B7D7E7F006AC23D /* RootViewController.xib */,
			);
			path = Controller;
			sourceTree = "<group>";
		};
		01F228131B7B428300ED4AFB /* Model */ = {
			isa = PBXGroup;
			children = (
			);
			path = Model;
			sourceTree = "<group>";
		};
		01F228141B7B428300ED4AFB /* View */ = {
			isa = PBXGroup;
			children = (
			);
			path = View;
			sourceTree = "<group>";
		};
		01F228151B7B428300ED4AFB /* Newfeature */ = {
			isa = PBXGroup;
			children = (
				01F2282F1B7B45DD00ED4AFB /* MTNewfeatureViewController.h */,
				01F228301B7B45DD00ED4AFB /* MTNewfeatureViewController.m */,
			);
			path = Newfeature;
			sourceTree = "<group>";
		};
		01F228161B7B428300ED4AFB /* PersonCenter */ = {
			isa = PBXGroup;
			children = (
				01ECDF9E1B7C3EBF00665D87 /* Controller */,
				01ECDFA21B7C3EBF00665D87 /* Model */,
				01ECDFA31B7C3EBF00665D87 /* View */,
			);
			path = PersonCenter;
			sourceTree = "<group>";
		};
		01F228291B7B454E00ED4AFB /* HealthMonitor */ = {
			isa = PBXGroup;
			children = (
				01ECDFD11B7C774700665D87 /* Controller */,
				01ECDFD51B7C774700665D87 /* Model */,
				01ECDFD61B7C774700665D87 /* View */,
			);
			path = HealthMonitor;
			sourceTree = "<group>";
		};
/* End PBXGroup section */

/* Begin PBXNativeTarget section */
		01F227D41B7B3E1400ED4AFB /* QinQingBao */ = {
			isa = PBXNativeTarget;
			buildConfigurationList = 01F227F81B7B3E1400ED4AFB /* Build configuration list for PBXNativeTarget "QinQingBao" */;
			buildPhases = (
				01F227D11B7B3E1400ED4AFB /* Sources */,
				01F227D21B7B3E1400ED4AFB /* Frameworks */,
				01F227D31B7B3E1400ED4AFB /* Resources */,
			);
			buildRules = (
			);
			dependencies = (
			);
			name = QinQingBao;
			productName = QinQingBao;
			productReference = 01F227D51B7B3E1400ED4AFB /* QinQingBao.app */;
			productType = "com.apple.product-type.application";
		};
		01F227ED1B7B3E1400ED4AFB /* QinQingBaoTests */ = {
			isa = PBXNativeTarget;
			buildConfigurationList = 01F227FB1B7B3E1400ED4AFB /* Build configuration list for PBXNativeTarget "QinQingBaoTests" */;
			buildPhases = (
				01F227EA1B7B3E1400ED4AFB /* Sources */,
				01F227EB1B7B3E1400ED4AFB /* Frameworks */,
				01F227EC1B7B3E1400ED4AFB /* Resources */,
			);
			buildRules = (
			);
			dependencies = (
				01F227F01B7B3E1400ED4AFB /* PBXTargetDependency */,
			);
			name = QinQingBaoTests;
			productName = QinQingBaoTests;
			productReference = 01F227EE1B7B3E1400ED4AFB /* QinQingBaoTests.xctest */;
			productType = "com.apple.product-type.bundle.unit-test";
		};
/* End PBXNativeTarget section */

/* Begin PBXProject section */
		01F227CD1B7B3E1400ED4AFB /* Project object */ = {
			isa = PBXProject;
			attributes = {
				LastUpgradeCheck = 0640;
				ORGANIZATIONNAME = "董徐维";
				TargetAttributes = {
					01F227D41B7B3E1400ED4AFB = {
						CreatedOnToolsVersion = 6.4;
						DevelopmentTeam = P5A3MJD6BG;
					};
					01F227ED1B7B3E1400ED4AFB = {
						CreatedOnToolsVersion = 6.4;
						TestTargetID = 01F227D41B7B3E1400ED4AFB;
					};
				};
			};
			buildConfigurationList = 01F227D01B7B3E1400ED4AFB /* Build configuration list for PBXProject "QinQingBao" */;
			compatibilityVersion = "Xcode 3.2";
			developmentRegion = English;
			hasScannedForEncodings = 0;
			knownRegions = (
				en,
				Base,
			);
			mainGroup = 01F227CC1B7B3E1400ED4AFB;
			productRefGroup = 01F227D61B7B3E1400ED4AFB /* Products */;
			projectDirPath = "";
			projectRoot = "";
			targets = (
				01F227D41B7B3E1400ED4AFB /* QinQingBao */,
				01F227ED1B7B3E1400ED4AFB /* QinQingBaoTests */,
			);
		};
/* End PBXProject section */

/* Begin PBXResourcesBuildPhase section */
		01F227D31B7B3E1400ED4AFB /* Resources */ = {
			isa = PBXResourcesBuildPhase;
			buildActionMask = 2147483647;
			files = (
				01ECDF9D1B7C367600665D87 /* Images.xcassets in Resources */,
				01ECDF9B1B7C347800665D87 /* SQCollectionCell.xib in Resources */,
				D2F744B01B7D7E7F006AC23D /* RootViewController.xib in Resources */,
				D2F744AC1B7D7E7F006AC23D /* LoginViewController.xib in Resources */,
				01F227E91B7B3E1400ED4AFB /* LaunchScreen.xib in Resources */,
				D2F744AE1B7D7E7F006AC23D /* RegistViewController.xib in Resources */,
				01ECDFDD1B7C774700665D87 /* HealthMonitorViewController.xib in Resources */,
				01ECDF9A1B7C347800665D87 /* HomeViewController.xib in Resources */,
			);
			runOnlyForDeploymentPostprocessing = 0;
		};
		01F227EC1B7B3E1400ED4AFB /* Resources */ = {
			isa = PBXResourcesBuildPhase;
			buildActionMask = 2147483647;
			files = (
			);
			runOnlyForDeploymentPostprocessing = 0;
		};
/* End PBXResourcesBuildPhase section */

/* Begin PBXSourcesBuildPhase section */
		01F227D11B7B3E1400ED4AFB /* Sources */ = {
			isa = PBXSourcesBuildPhase;
			buildActionMask = 2147483647;
			files = (
				01ECDFC11B7C402100665D87 /* HMCommonTextfieldItem.m in Sources */,
				01ECDFBA1B7C402100665D87 /* HMCommonArrowItem.m in Sources */,
				01ECDFC71B7C402C00665D87 /* HMCommonCell.m in Sources */,
				01ECDFBB1B7C402100665D87 /* HMCommonButtonItem.m in Sources */,
				D2F744AD1B7D7E7F006AC23D /* RegistViewController.m in Sources */,
				01F228071B7B3E9700ED4AFB /* AppDelegate.m in Sources */,
				01ECDFBF1B7C402100665D87 /* HMCommonLabelItem.m in Sources */,
				01EFD0C31B7D865800A720E7 /* MTControllerChooseTool.m in Sources */,
				01ECDFC61B7C402C00665D87 /* HMBadgeView.m in Sources */,
				01ECDFDE1B7C774700665D87 /* QCSlideSwitchView.m in Sources */,
				D2F744AB1B7D7E7F006AC23D /* LoginViewController.m in Sources */,
				D2F744AF1B7D7E7F006AC23D /* RootViewController.m in Sources */,
				01F2283D1B7B465800ED4AFB /* UIView+Extension.m in Sources */,
				01F228311B7B45DD00ED4AFB /* MTNewfeatureViewController.m in Sources */,
				01ECDFBD1B7C402100665D87 /* HMCommonGroup.m in Sources */,
				01ECDFDC1B7C774700665D87 /* HealthMonitorViewController.m in Sources */,
				01ECDFCD1B7C45B200665D87 /* ProfileViewController.m in Sources */,
				01F227DB1B7B3E1400ED4AFB /* main.m in Sources */,
				01ECDFBE1B7C402100665D87 /* HMCommonItem.m in Sources */,
				01F2283A1B7B465800ED4AFB /* UIBarButtonItem+Extension.m in Sources */,
				01ECDFC01B7C402100665D87 /* HMCommonSwitchItem.m in Sources */,
				01F2283B1B7B465800ED4AFB /* UIImage+Extension.m in Sources */,
				01F2283C1B7B465800ED4AFB /* UINavigationBar+Awesome.m in Sources */,
				01ECDFBC1B7C402100665D87 /* HMCommonCenterItem.m in Sources */,
				01ECDF991B7C347800665D87 /* HomeViewController.m in Sources */,
				01ECDFA81B7C3F9400665D87 /* HMCommonViewController.m in Sources */,
				01ECDFE21B7C7ADA00665D87 /* HealthPageViewController.m in Sources */,
			);
			runOnlyForDeploymentPostprocessing = 0;
		};
		01F227EA1B7B3E1400ED4AFB /* Sources */ = {
			isa = PBXSourcesBuildPhase;
			buildActionMask = 2147483647;
			files = (
				01F227F51B7B3E1400ED4AFB /* QinQingBaoTests.m in Sources */,
			);
			runOnlyForDeploymentPostprocessing = 0;
		};
/* End PBXSourcesBuildPhase section */

/* Begin PBXTargetDependency section */
		01F227F01B7B3E1400ED4AFB /* PBXTargetDependency */ = {
			isa = PBXTargetDependency;
			target = 01F227D41B7B3E1400ED4AFB /* QinQingBao */;
			targetProxy = 01F227EF1B7B3E1400ED4AFB /* PBXContainerItemProxy */;
		};
/* End PBXTargetDependency section */

/* Begin PBXVariantGroup section */
		01F227E71B7B3E1400ED4AFB /* LaunchScreen.xib */ = {
			isa = PBXVariantGroup;
			children = (
				01F227E81B7B3E1400ED4AFB /* Base */,
			);
			name = LaunchScreen.xib;
			sourceTree = "<group>";
		};
/* End PBXVariantGroup section */

/* Begin XCBuildConfiguration section */
		01F227F61B7B3E1400ED4AFB /* Debug */ = {
			isa = XCBuildConfiguration;
			buildSettings = {
				ALWAYS_SEARCH_USER_PATHS = NO;
				CLANG_CXX_LANGUAGE_STANDARD = "gnu++0x";
				CLANG_CXX_LIBRARY = "libc++";
				CLANG_ENABLE_MODULES = YES;
				CLANG_ENABLE_OBJC_ARC = YES;
				CLANG_WARN_BOOL_CONVERSION = YES;
				CLANG_WARN_CONSTANT_CONVERSION = YES;
				CLANG_WARN_DIRECT_OBJC_ISA_USAGE = YES_ERROR;
				CLANG_WARN_EMPTY_BODY = YES;
				CLANG_WARN_ENUM_CONVERSION = YES;
				CLANG_WARN_INT_CONVERSION = YES;
				CLANG_WARN_OBJC_ROOT_CLASS = YES_ERROR;
				CLANG_WARN_UNREACHABLE_CODE = YES;
				CLANG_WARN__DUPLICATE_METHOD_MATCH = YES;
				"CODE_SIGN_IDENTITY[sdk=iphoneos*]" = "iPhone Developer";
				COPY_PHASE_STRIP = NO;
				DEBUG_INFORMATION_FORMAT = "dwarf-with-dsym";
				ENABLE_STRICT_OBJC_MSGSEND = YES;
				GCC_C_LANGUAGE_STANDARD = gnu99;
				GCC_DYNAMIC_NO_PIC = NO;
				GCC_NO_COMMON_BLOCKS = YES;
				GCC_OPTIMIZATION_LEVEL = 0;
				GCC_PREPROCESSOR_DEFINITIONS = (
					"DEBUG=1",
					"$(inherited)",
				);
				GCC_SYMBOLS_PRIVATE_EXTERN = NO;
				GCC_WARN_64_TO_32_BIT_CONVERSION = YES;
				GCC_WARN_ABOUT_RETURN_TYPE = YES_ERROR;
				GCC_WARN_UNDECLARED_SELECTOR = YES;
				GCC_WARN_UNINITIALIZED_AUTOS = YES_AGGRESSIVE;
				GCC_WARN_UNUSED_FUNCTION = YES;
				GCC_WARN_UNUSED_VARIABLE = YES;
				IPHONEOS_DEPLOYMENT_TARGET = 8.4;
				MTL_ENABLE_DEBUG_INFO = YES;
				ONLY_ACTIVE_ARCH = YES;
				SDKROOT = iphoneos;
			};
			name = Debug;
		};
		01F227F71B7B3E1400ED4AFB /* Release */ = {
			isa = XCBuildConfiguration;
			buildSettings = {
				ALWAYS_SEARCH_USER_PATHS = NO;
				CLANG_CXX_LANGUAGE_STANDARD = "gnu++0x";
				CLANG_CXX_LIBRARY = "libc++";
				CLANG_ENABLE_MODULES = YES;
				CLANG_ENABLE_OBJC_ARC = YES;
				CLANG_WARN_BOOL_CONVERSION = YES;
				CLANG_WARN_CONSTANT_CONVERSION = YES;
				CLANG_WARN_DIRECT_OBJC_ISA_USAGE = YES_ERROR;
				CLANG_WARN_EMPTY_BODY = YES;
				CLANG_WARN_ENUM_CONVERSION = YES;
				CLANG_WARN_INT_CONVERSION = YES;
				CLANG_WARN_OBJC_ROOT_CLASS = YES_ERROR;
				CLANG_WARN_UNREACHABLE_CODE = YES;
				CLANG_WARN__DUPLICATE_METHOD_MATCH = YES;
				"CODE_SIGN_IDENTITY[sdk=iphoneos*]" = "iPhone Developer";
				COPY_PHASE_STRIP = NO;
				DEBUG_INFORMATION_FORMAT = "dwarf-with-dsym";
				ENABLE_NS_ASSERTIONS = NO;
				ENABLE_STRICT_OBJC_MSGSEND = YES;
				GCC_C_LANGUAGE_STANDARD = gnu99;
				GCC_NO_COMMON_BLOCKS = YES;
				GCC_WARN_64_TO_32_BIT_CONVERSION = YES;
				GCC_WARN_ABOUT_RETURN_TYPE = YES_ERROR;
				GCC_WARN_UNDECLARED_SELECTOR = YES;
				GCC_WARN_UNINITIALIZED_AUTOS = YES_AGGRESSIVE;
				GCC_WARN_UNUSED_FUNCTION = YES;
				GCC_WARN_UNUSED_VARIABLE = YES;
				IPHONEOS_DEPLOYMENT_TARGET = 8.4;
				MTL_ENABLE_DEBUG_INFO = NO;
				SDKROOT = iphoneos;
				VALIDATE_PRODUCT = YES;
			};
			name = Release;
		};
		01F227F91B7B3E1400ED4AFB /* Debug */ = {
			isa = XCBuildConfiguration;
			buildSettings = {
				ASSETCATALOG_COMPILER_APPICON_NAME = AppIcon;
				CODE_SIGN_IDENTITY = "iPhone Developer";
				GCC_PREFIX_HEADER = QinQingBao/QQB.pch;
				INFOPLIST_FILE = QinQingBao/Info.plist;
				IPHONEOS_DEPLOYMENT_TARGET = 8.1;
				LD_RUNPATH_SEARCH_PATHS = "$(inherited) @executable_path/Frameworks";
				PRODUCT_NAME = "$(TARGET_NAME)";
			};
			name = Debug;
		};
		01F227FA1B7B3E1400ED4AFB /* Release */ = {
			isa = XCBuildConfiguration;
			buildSettings = {
				ASSETCATALOG_COMPILER_APPICON_NAME = AppIcon;
				CODE_SIGN_IDENTITY = "iPhone Developer";
				GCC_PREFIX_HEADER = QinQingBao/QQB.pch;
				INFOPLIST_FILE = QinQingBao/Info.plist;
				IPHONEOS_DEPLOYMENT_TARGET = 8.1;
				LD_RUNPATH_SEARCH_PATHS = "$(inherited) @executable_path/Frameworks";
				PRODUCT_NAME = "$(TARGET_NAME)";
			};
			name = Release;
		};
		01F227FC1B7B3E1400ED4AFB /* Debug */ = {
			isa = XCBuildConfiguration;
			buildSettings = {
				BUNDLE_LOADER = "$(TEST_HOST)";
				FRAMEWORK_SEARCH_PATHS = (
					"$(SDKROOT)/Developer/Library/Frameworks",
					"$(inherited)",
				);
				GCC_PREPROCESSOR_DEFINITIONS = (
					"DEBUG=1",
					"$(inherited)",
				);
				INFOPLIST_FILE = QinQingBaoTests/Info.plist;
				LD_RUNPATH_SEARCH_PATHS = "$(inherited) @executable_path/Frameworks @loader_path/Frameworks";
				PRODUCT_NAME = "$(TARGET_NAME)";
				TEST_HOST = "$(BUILT_PRODUCTS_DIR)/QinQingBao.app/QinQingBao";
			};
			name = Debug;
		};
		01F227FD1B7B3E1400ED4AFB /* Release */ = {
			isa = XCBuildConfiguration;
			buildSettings = {
				BUNDLE_LOADER = "$(TEST_HOST)";
				FRAMEWORK_SEARCH_PATHS = (
					"$(SDKROOT)/Developer/Library/Frameworks",
					"$(inherited)",
				);
				INFOPLIST_FILE = QinQingBaoTests/Info.plist;
				LD_RUNPATH_SEARCH_PATHS = "$(inherited) @executable_path/Frameworks @loader_path/Frameworks";
				PRODUCT_NAME = "$(TARGET_NAME)";
				TEST_HOST = "$(BUILT_PRODUCTS_DIR)/QinQingBao.app/QinQingBao";
			};
			name = Release;
		};
/* End XCBuildConfiguration section */

/* Begin XCConfigurationList section */
		01F227D01B7B3E1400ED4AFB /* Build configuration list for PBXProject "QinQingBao" */ = {
			isa = XCConfigurationList;
			buildConfigurations = (
				01F227F61B7B3E1400ED4AFB /* Debug */,
				01F227F71B7B3E1400ED4AFB /* Release */,
			);
			defaultConfigurationIsVisible = 0;
			defaultConfigurationName = Release;
		};
		01F227F81B7B3E1400ED4AFB /* Build configuration list for PBXNativeTarget "QinQingBao" */ = {
			isa = XCConfigurationList;
			buildConfigurations = (
				01F227F91B7B3E1400ED4AFB /* Debug */,
				01F227FA1B7B3E1400ED4AFB /* Release */,
			);
			defaultConfigurationIsVisible = 0;
			defaultConfigurationName = Release;
		};
		01F227FB1B7B3E1400ED4AFB /* Build configuration list for PBXNativeTarget "QinQingBaoTests" */ = {
			isa = XCConfigurationList;
			buildConfigurations = (
				01F227FC1B7B3E1400ED4AFB /* Debug */,
				01F227FD1B7B3E1400ED4AFB /* Release */,
			);
			defaultConfigurationIsVisible = 0;
			defaultConfigurationName = Release;
		};
/* End XCConfigurationList section */
	};
	rootObject = 01F227CD1B7B3E1400ED4AFB /* Project object */;
}
